# THIS IS AN AUTOGENERATED FILE. DO NOT EDIT THIS FILE DIRECTLY.
# yarn lockfile v1


vuetify@^3.3.7:
  version "3.3.19"
  resolved "https://registry.npmjs.org/vuetify/-/vuetify-3.3.19.tgz#cd27f38c226a9f0faa5cdc163b1a7709f0c75a12"
  integrity sha512-6/byccc79pq2LmveSgte/AXqyEXkq3aFMxKMwoizsDzDPH4vz/44wRx0+TxhiDk4+n8WOhMa2VlXq1xsJIi1HA==
